// !$*UTF8*$!
{
	archiveVersion = 1;
	classes = {
	};
	objectVersion = 51;
	objects = {

/* Begin PBXBuildFile section */
		B92D7B3826870B3400CDFC9A /* AppDelegate.swift in Sources */ = {isa = PBXBuildFile; fileRef = B92D7B3726870B3400CDFC9A /* AppDelegate.swift */; };
		B92D7B3A26870B3400CDFC9A /* SceneDelegate.swift in Sources */ = {isa = PBXBuildFile; fileRef = B92D7B3926870B3400CDFC9A /* SceneDelegate.swift */; };
		B92D7B3C26870B3400CDFC9A /* HomeViewController.swift in Sources */ = {isa = PBXBuildFile; fileRef = B92D7B3B26870B3400CDFC9A /* HomeViewController.swift */; };
		B92D7B3F26870B3400CDFC9A /* Main.storyboard in Resources */ = {isa = PBXBuildFile; fileRef = B92D7B3D26870B3400CDFC9A /* Main.storyboard */; };
		B92D7B4226870B3400CDFC9A /* PracticeInstagram.xcdatamodeld in Sources */ = {isa = PBXBuildFile; fileRef = B92D7B4026870B3400CDFC9A /* PracticeInstagram.xcdatamodeld */; };
		B92D7B4426870B3400CDFC9A /* Assets.xcassets in Resources */ = {isa = PBXBuildFile; fileRef = B92D7B4326870B3400CDFC9A /* Assets.xcassets */; };
		B92D7B4726870B3400CDFC9A /* LaunchScreen.storyboard in Resources */ = {isa = PBXBuildFile; fileRef = B92D7B4526870B3400CDFC9A /* LaunchScreen.storyboard */; };
		B92D7B572687104800CDFC9A /* ExploreViewController.swift in Sources */ = {isa = PBXBuildFile; fileRef = B92D7B562687104800CDFC9A /* ExploreViewController.swift */; };
		B92D7B5B2687106600CDFC9A /* CameraViewController.swift in Sources */ = {isa = PBXBuildFile; fileRef = B92D7B5A2687106600CDFC9A /* CameraViewController.swift */; };
		B92D7B5E2687107700CDFC9A /* NotificationViewController.swift in Sources */ = {isa = PBXBuildFile; fileRef = B92D7B5D2687107700CDFC9A /* NotificationViewController.swift */; };
		B92D7B612687108700CDFC9A /* ProfileViewController.swift in Sources */ = {isa = PBXBuildFile; fileRef = B92D7B602687108700CDFC9A /* ProfileViewController.swift */; };
		B92D7B68268710D200CDFC9A /* LoginViewController.swift in Sources */ = {isa = PBXBuildFile; fileRef = B92D7B67268710D200CDFC9A /* LoginViewController.swift */; };
		B92D7B6C268710EF00CDFC9A /* RegistrationViewController.swift in Sources */ = {isa = PBXBuildFile; fileRef = B92D7B6B268710EF00CDFC9A /* RegistrationViewController.swift */; };
		B92D7B6F2687111800CDFC9A /* PostViewController.swift in Sources */ = {isa = PBXBuildFile; fileRef = B92D7B6E2687111800CDFC9A /* PostViewController.swift */; };
		B92D7B722687113600CDFC9A /* EditrProfileViewController.swift in Sources */ = {isa = PBXBuildFile; fileRef = B92D7B712687113600CDFC9A /* EditrProfileViewController.swift */; };
		B92D7B752687114100CDFC9A /* SettingViewController.swift in Sources */ = {isa = PBXBuildFile; fileRef = B92D7B742687114100CDFC9A /* SettingViewController.swift */; };
		B92D7B782687114A00CDFC9A /* ListViewController.swift in Sources */ = {isa = PBXBuildFile; fileRef = B92D7B772687114A00CDFC9A /* ListViewController.swift */; };
		B92D7B7B2687115A00CDFC9A /* SearchViewController.swift in Sources */ = {isa = PBXBuildFile; fileRef = B92D7B7A2687115A00CDFC9A /* SearchViewController.swift */; };
		B92D7B7E2687116500CDFC9A /* SearchResultViewController.swift in Sources */ = {isa = PBXBuildFile; fileRef = B92D7B7D2687116500CDFC9A /* SearchResultViewController.swift */; };
		B92D7B812687118B00CDFC9A /* PostEditorViewController.swift in Sources */ = {isa = PBXBuildFile; fileRef = B92D7B802687118B00CDFC9A /* PostEditorViewController.swift */; };
		B92D7B842687119700CDFC9A /* PublishPostViewController.swift in Sources */ = {isa = PBXBuildFile; fileRef = B92D7B832687119700CDFC9A /* PublishPostViewController.swift */; };
		B92D7B992687151F00CDFC9A /* GoogleService-Info.plist in Resources */ = {isa = PBXBuildFile; fileRef = B92D7B982687151F00CDFC9A /* GoogleService-Info.plist */; };
		B92D7B9D268717F700CDFC9A /* DataBaseManager.swift in Sources */ = {isa = PBXBuildFile; fileRef = B92D7B9C268717F700CDFC9A /* DataBaseManager.swift */; };
		B92D7BA1268718DD00CDFC9A /* AuthManager.swift in Sources */ = {isa = PBXBuildFile; fileRef = B92D7BA0268718DD00CDFC9A /* AuthManager.swift */; };
		B92D7BA42687190B00CDFC9A /* StorageManager.swift in Sources */ = {isa = PBXBuildFile; fileRef = B92D7BA32687190B00CDFC9A /* StorageManager.swift */; };
		B92D7BBC268726D100CDFC9A /* Extensions+UIView.swift in Sources */ = {isa = PBXBuildFile; fileRef = B92D7BBB268726D100CDFC9A /* Extensions+UIView.swift */; };
		B92D7BC226875EA800CDFC9A /* Extension+String.swift in Sources */ = {isa = PBXBuildFile; fileRef = B92D7BC126875EA800CDFC9A /* Extension+String.swift */; };
		FC42139D3973C1968B5A5D02 /* Pods_PracticeInstagram.framework in Frameworks */ = {isa = PBXBuildFile; fileRef = B3E51A552A2709B360A818A1 /* Pods_PracticeInstagram.framework */; };
/* End PBXBuildFile section */

/* Begin PBXFileReference section */
		405B548E773D8A9D8433C74C /* Pods-PracticeInstagram.debug.xcconfig */ = {isa = PBXFileReference; includeInIndex = 1; lastKnownFileType = text.xcconfig; name = "Pods-PracticeInstagram.debug.xcconfig"; path = "Target Support Files/Pods-PracticeInstagram/Pods-PracticeInstagram.debug.xcconfig"; sourceTree = "<group>"; };
		7D5E13240CDCFE84332A5235 /* Pods-PracticeInstagram.release.xcconfig */ = {isa = PBXFileReference; includeInIndex = 1; lastKnownFileType = text.xcconfig; name = "Pods-PracticeInstagram.release.xcconfig"; path = "Target Support Files/Pods-PracticeInstagram/Pods-PracticeInstagram.release.xcconfig"; sourceTree = "<group>"; };
		B3E51A552A2709B360A818A1 /* Pods_PracticeInstagram.framework */ = {isa = PBXFileReference; explicitFileType = wrapper.framework; includeInIndex = 0; path = Pods_PracticeInstagram.framework; sourceTree = BUILT_PRODUCTS_DIR; };
		B92D7B3426870B3400CDFC9A /* PracticeInstagram.app */ = {isa = PBXFileReference; explicitFileType = wrapper.application; includeInIndex = 0; path = PracticeInstagram.app; sourceTree = BUILT_PRODUCTS_DIR; };
		B92D7B3726870B3400CDFC9A /* AppDelegate.swift */ = {isa = PBXFileReference; lastKnownFileType = sourcecode.swift; path = AppDelegate.swift; sourceTree = "<group>"; };
		B92D7B3926870B3400CDFC9A /* SceneDelegate.swift */ = {isa = PBXFileReference; lastKnownFileType = sourcecode.swift; path = SceneDelegate.swift; sourceTree = "<group>"; };
		B92D7B3B26870B3400CDFC9A /* HomeViewController.swift */ = {isa = PBXFileReference; lastKnownFileType = sourcecode.swift; path = HomeViewController.swift; sourceTree = "<group>"; };
		B92D7B3E26870B3400CDFC9A /* Base */ = {isa = PBXFileReference; lastKnownFileType = file.storyboard; name = Base; path = Base.lproj/Main.storyboard; sourceTree = "<group>"; };
		B92D7B4126870B3400CDFC9A /* PracticeInstagram.xcdatamodel */ = {isa = PBXFileReference; lastKnownFileType = wrapper.xcdatamodel; path = PracticeInstagram.xcdatamodel; sourceTree = "<group>"; };
		B92D7B4326870B3400CDFC9A /* Assets.xcassets */ = {isa = PBXFileReference; lastKnownFileType = folder.assetcatalog; path = Assets.xcassets; sourceTree = "<group>"; };
		B92D7B4626870B3400CDFC9A /* Base */ = {isa = PBXFileReference; lastKnownFileType = file.storyboard; name = Base; path = Base.lproj/LaunchScreen.storyboard; sourceTree = "<group>"; };
		B92D7B4826870B3400CDFC9A /* Info.plist */ = {isa = PBXFileReference; lastKnownFileType = text.plist.xml; path = Info.plist; sourceTree = "<group>"; };
		B92D7B562687104800CDFC9A /* ExploreViewController.swift */ = {isa = PBXFileReference; lastKnownFileType = sourcecode.swift; path = ExploreViewController.swift; sourceTree = "<group>"; };
		B92D7B5A2687106600CDFC9A /* CameraViewController.swift */ = {isa = PBXFileReference; lastKnownFileType = sourcecode.swift; path = CameraViewController.swift; sourceTree = "<group>"; };
		B92D7B5D2687107700CDFC9A /* NotificationViewController.swift */ = {isa = PBXFileReference; lastKnownFileType = sourcecode.swift; path = NotificationViewController.swift; sourceTree = "<group>"; };
		B92D7B602687108700CDFC9A /* ProfileViewController.swift */ = {isa = PBXFileReference; lastKnownFileType = sourcecode.swift; path = ProfileViewController.swift; sourceTree = "<group>"; };
		B92D7B67268710D200CDFC9A /* LoginViewController.swift */ = {isa = PBXFileReference; lastKnownFileType = sourcecode.swift; path = LoginViewController.swift; sourceTree = "<group>"; };
		B92D7B6B268710EF00CDFC9A /* RegistrationViewController.swift */ = {isa = PBXFileReference; lastKnownFileType = sourcecode.swift; path = RegistrationViewController.swift; sourceTree = "<group>"; };
		B92D7B6E2687111800CDFC9A /* PostViewController.swift */ = {isa = PBXFileReference; lastKnownFileType = sourcecode.swift; path = PostViewController.swift; sourceTree = "<group>"; };
		B92D7B712687113600CDFC9A /* EditrProfileViewController.swift */ = {isa = PBXFileReference; lastKnownFileType = sourcecode.swift; path = EditrProfileViewController.swift; sourceTree = "<group>"; };
		B92D7B742687114100CDFC9A /* SettingViewController.swift */ = {isa = PBXFileReference; lastKnownFileType = sourcecode.swift; path = SettingViewController.swift; sourceTree = "<group>"; };
		B92D7B772687114A00CDFC9A /* ListViewController.swift */ = {isa = PBXFileReference; lastKnownFileType = sourcecode.swift; path = ListViewController.swift; sourceTree = "<group>"; };
		B92D7B7A2687115A00CDFC9A /* SearchViewController.swift */ = {isa = PBXFileReference; lastKnownFileType = sourcecode.swift; path = SearchViewController.swift; sourceTree = "<group>"; };
		B92D7B7D2687116500CDFC9A /* SearchResultViewController.swift */ = {isa = PBXFileReference; lastKnownFileType = sourcecode.swift; path = SearchResultViewController.swift; sourceTree = "<group>"; };
		B92D7B802687118B00CDFC9A /* PostEditorViewController.swift */ = {isa = PBXFileReference; lastKnownFileType = sourcecode.swift; path = PostEditorViewController.swift; sourceTree = "<group>"; };
		B92D7B832687119700CDFC9A /* PublishPostViewController.swift */ = {isa = PBXFileReference; lastKnownFileType = sourcecode.swift; path = PublishPostViewController.swift; sourceTree = "<group>"; };
		B92D7B982687151F00CDFC9A /* GoogleService-Info.plist */ = {isa = PBXFileReference; fileEncoding = 4; lastKnownFileType = text.plist.xml; path = "GoogleService-Info.plist"; sourceTree = "<group>"; };
		B92D7B9C268717F700CDFC9A /* DataBaseManager.swift */ = {isa = PBXFileReference; lastKnownFileType = sourcecode.swift; path = DataBaseManager.swift; sourceTree = "<group>"; };
		B92D7BA0268718DD00CDFC9A /* AuthManager.swift */ = {isa = PBXFileReference; lastKnownFileType = sourcecode.swift; path = AuthManager.swift; sourceTree = "<group>"; };
		B92D7BA32687190B00CDFC9A /* StorageManager.swift */ = {isa = PBXFileReference; lastKnownFileType = sourcecode.swift; path = StorageManager.swift; sourceTree = "<group>"; };
		B92D7BBB268726D100CDFC9A /* Extensions+UIView.swift */ = {isa = PBXFileReference; lastKnownFileType = sourcecode.swift; path = "Extensions+UIView.swift"; sourceTree = "<group>"; };
		B92D7BC126875EA800CDFC9A /* Extension+String.swift */ = {isa = PBXFileReference; lastKnownFileType = sourcecode.swift; path = "Extension+String.swift"; sourceTree = "<group>"; };
/* End PBXFileReference section */

/* Begin PBXFrameworksBuildPhase section */
		B92D7B3126870B3400CDFC9A /* Frameworks */ = {
			isa = PBXFrameworksBuildPhase;
			buildActionMask = 2147483647;
			files = (
				FC42139D3973C1968B5A5D02 /* Pods_PracticeInstagram.framework in Frameworks */,
			);
			runOnlyForDeploymentPostprocessing = 0;
		};
/* End PBXFrameworksBuildPhase section */

/* Begin PBXGroup section */
		B4524028AAD188C483220262 /* Frameworks */ = {
			isa = PBXGroup;
			children = (
				B3E51A552A2709B360A818A1 /* Pods_PracticeInstagram.framework */,
			);
			name = Frameworks;
			sourceTree = "<group>";
		};
		B92D7B2B26870B3400CDFC9A = {
			isa = PBXGroup;
			children = (
				B92D7B3626870B3400CDFC9A /* PracticeInstagram */,
				B92D7B3526870B3400CDFC9A /* Products */,
				D8A60753370BAB5AE82F46C9 /* Pods */,
				B4524028AAD188C483220262 /* Frameworks */,
			);
			sourceTree = "<group>";
		};
		B92D7B3526870B3400CDFC9A /* Products */ = {
			isa = PBXGroup;
			children = (
				B92D7B3426870B3400CDFC9A /* PracticeInstagram.app */,
			);
			name = Products;
			sourceTree = "<group>";
		};
		B92D7B3626870B3400CDFC9A /* PracticeInstagram */ = {
			isa = PBXGroup;
			children = (
				B92D7BC026875E9A00CDFC9A /* Extension */,
				B92D7B5426870FCF00CDFC9A /* Resources */,
				B92D7B5326870FC500CDFC9A /* Models */,
				B92D7B5126870D7A00CDFC9A /* VIews */,
				B92D7B5026870D6900CDFC9A /* ViewControllers */,
				B92D7B4326870B3400CDFC9A /* Assets.xcassets */,
				B92D7B4826870B3400CDFC9A /* Info.plist */,
				B92D7B4026870B3400CDFC9A /* PracticeInstagram.xcdatamodeld */,
			);
			path = PracticeInstagram;
			sourceTree = "<group>";
		};
		B92D7B5026870D6900CDFC9A /* ViewControllers */ = {
			isa = PBXGroup;
			children = (
				B92D7B65268710BB00CDFC9A /* Other */,
				B92D7B632687108F00CDFC9A /* Core Tabs */,
			);
			path = ViewControllers;
			sourceTree = "<group>";
		};
		B92D7B5126870D7A00CDFC9A /* VIews */ = {
			isa = PBXGroup;
			children = (
				B92D7B4526870B3400CDFC9A /* LaunchScreen.storyboard */,
				B92D7B3D26870B3400CDFC9A /* Main.storyboard */,
			);
			path = VIews;
			sourceTree = "<group>";
		};
		B92D7B5326870FC500CDFC9A /* Models */ = {
			isa = PBXGroup;
			children = (
			);
			path = Models;
			sourceTree = "<group>";
		};
		B92D7B5426870FCF00CDFC9A /* Resources */ = {
			isa = PBXGroup;
			children = (
				B92D7B982687151F00CDFC9A /* GoogleService-Info.plist */,
				B92D7B3726870B3400CDFC9A /* AppDelegate.swift */,
				B92D7B3926870B3400CDFC9A /* SceneDelegate.swift */,
				B92D7B9C268717F700CDFC9A /* DataBaseManager.swift */,
				B92D7BA0268718DD00CDFC9A /* AuthManager.swift */,
				B92D7BA32687190B00CDFC9A /* StorageManager.swift */,
			);
			path = Resources;
			sourceTree = "<group>";
		};
		B92D7B632687108F00CDFC9A /* Core Tabs */ = {
			isa = PBXGroup;
			children = (
				B92D7B3B26870B3400CDFC9A /* HomeViewController.swift */,
				B92D7B562687104800CDFC9A /* ExploreViewController.swift */,
				B92D7B5A2687106600CDFC9A /* CameraViewController.swift */,
				B92D7B5D2687107700CDFC9A /* NotificationViewController.swift */,
				B92D7B602687108700CDFC9A /* ProfileViewController.swift */,
			);
			path = "Core Tabs";
			sourceTree = "<group>";
		};
		B92D7B65268710BB00CDFC9A /* Other */ = {
			isa = PBXGroup;
			children = (
				B92D7B66268710C100CDFC9A /* OnBoarding */,
				B92D7B6E2687111800CDFC9A /* PostViewController.swift */,
				B92D7B712687113600CDFC9A /* EditrProfileViewController.swift */,
				B92D7B742687114100CDFC9A /* SettingViewController.swift */,
				B92D7B772687114A00CDFC9A /* ListViewController.swift */,
				B92D7B7A2687115A00CDFC9A /* SearchViewController.swift */,
				B92D7B7D2687116500CDFC9A /* SearchResultViewController.swift */,
				B92D7B802687118B00CDFC9A /* PostEditorViewController.swift */,
				B92D7B832687119700CDFC9A /* PublishPostViewController.swift */,
			);
			path = Other;
			sourceTree = "<group>";
		};
		B92D7B66268710C100CDFC9A /* OnBoarding */ = {
			isa = PBXGroup;
			children = (
				B92D7B67268710D200CDFC9A /* LoginViewController.swift */,
				B92D7B6B268710EF00CDFC9A /* RegistrationViewController.swift */,
			);
			path = OnBoarding;
			sourceTree = "<group>";
		};
		B92D7BC026875E9A00CDFC9A /* Extension */ = {
			isa = PBXGroup;
			children = (
				B92D7BBB268726D100CDFC9A /* Extensions+UIView.swift */,
				B92D7BC126875EA800CDFC9A /* Extension+String.swift */,
			);
			path = Extension;
			sourceTree = "<group>";
		};
		D8A60753370BAB5AE82F46C9 /* Pods */ = {
			isa = PBXGroup;
			children = (
				405B548E773D8A9D8433C74C /* Pods-PracticeInstagram.debug.xcconfig */,
				7D5E13240CDCFE84332A5235 /* Pods-PracticeInstagram.release.xcconfig */,
			);
			path = Pods;
			sourceTree = "<group>";
		};
/* End PBXGroup section */

/* Begin PBXNativeTarget section */
		B92D7B3326870B3400CDFC9A /* PracticeInstagram */ = {
			isa = PBXNativeTarget;
			buildConfigurationList = B92D7B4B26870B3400CDFC9A /* Build configuration list for PBXNativeTarget "PracticeInstagram" */;
			buildPhases = (
				0F3CE7E9EAFD42BB9731D02A /* [CP] Check Pods Manifest.lock */,
				B92D7B3026870B3400CDFC9A /* Sources */,
				B92D7B3126870B3400CDFC9A /* Frameworks */,
				B92D7B3226870B3400CDFC9A /* Resources */,
				802C8B23930605B78FD76796 /* [CP] Embed Pods Frameworks */,
			);
			buildRules = (
			);
			dependencies = (
			);
			name = PracticeInstagram;
			productName = PracticeInstagram;
			productReference = B92D7B3426870B3400CDFC9A /* PracticeInstagram.app */;
			productType = "com.apple.product-type.application";
		};
/* End PBXNativeTarget section */

/* Begin PBXProject section */
		B92D7B2C26870B3400CDFC9A /* Project object */ = {
			isa = PBXProject;
			attributes = {
				LastSwiftUpdateCheck = 1240;
				LastUpgradeCheck = 1240;
				TargetAttributes = {
					B92D7B3326870B3400CDFC9A = {
						CreatedOnToolsVersion = 12.4;
					};
				};
			};
			buildConfigurationList = B92D7B2F26870B3400CDFC9A /* Build configuration list for PBXProject "PracticeInstagram" */;
			compatibilityVersion = "Xcode 9.3";
			developmentRegion = en;
			hasScannedForEncodings = 0;
			knownRegions = (
				en,
				Base,
			);
			mainGroup = B92D7B2B26870B3400CDFC9A;
			productRefGroup = B92D7B3526870B3400CDFC9A /* Products */;
			projectDirPath = "";
			projectRoot = "";
			targets = (
				B92D7B3326870B3400CDFC9A /* PracticeInstagram */,
			);
		};
/* End PBXProject section */

/* Begin PBXResourcesBuildPhase section */
		B92D7B3226870B3400CDFC9A /* Resources */ = {
			isa = PBXResourcesBuildPhase;
			buildActionMask = 2147483647;
			files = (
				B92D7B4726870B3400CDFC9A /* LaunchScreen.storyboard in Resources */,
				B92D7B992687151F00CDFC9A /* GoogleService-Info.plist in Resources */,
				B92D7B4426870B3400CDFC9A /* Assets.xcassets in Resources */,
				B92D7B3F26870B3400CDFC9A /* Main.storyboard in Resources */,
			);
			runOnlyForDeploymentPostprocessing = 0;
		};
/* End PBXResourcesBuildPhase section */

/* Begin PBXShellScriptBuildPhase section */
		0F3CE7E9EAFD42BB9731D02A /* [CP] Check Pods Manifest.lock */ = {
			isa = PBXShellScriptBuildPhase;
			buildActionMask = 2147483647;
			files = (
			);
			inputFileListPaths = (
			);
			inputPaths = (
				"${PODS_PODFILE_DIR_PATH}/Podfile.lock",
				"${PODS_ROOT}/Manifest.lock",
			);
			name = "[CP] Check Pods Manifest.lock";
			outputFileListPaths = (
			);
			outputPaths = (
				"$(DERIVED_FILE_DIR)/Pods-PracticeInstagram-checkManifestLockResult.txt",
			);
			runOnlyForDeploymentPostprocessing = 0;
			shellPath = /bin/sh;
			shellScript = "diff \"${PODS_PODFILE_DIR_PATH}/Podfile.lock\" \"${PODS_ROOT}/Manifest.lock\" > /dev/null\nif [ $? != 0 ] ; then\n    # print error to STDERR\n    echo \"error: The sandbox is not in sync with the Podfile.lock. Run 'pod install' or update your CocoaPods installation.\" >&2\n    exit 1\nfi\n# This output is used by Xcode 'outputs' to avoid re-running this script phase.\necho \"SUCCESS\" > \"${SCRIPT_OUTPUT_FILE_0}\"\n";
			showEnvVarsInLog = 0;
		};
		802C8B23930605B78FD76796 /* [CP] Embed Pods Frameworks */ = {
			isa = PBXShellScriptBuildPhase;
			buildActionMask = 2147483647;
			files = (
			);
			inputFileListPaths = (
				"${PODS_ROOT}/Target Support Files/Pods-PracticeInstagram/Pods-PracticeInstagram-frameworks-${CONFIGURATION}-input-files.xcfilelist",
			);
			name = "[CP] Embed Pods Frameworks";
			outputFileListPaths = (
				"${PODS_ROOT}/Target Support Files/Pods-PracticeInstagram/Pods-PracticeInstagram-frameworks-${CONFIGURATION}-output-files.xcfilelist",
			);
			runOnlyForDeploymentPostprocessing = 0;
			shellPath = /bin/sh;
			shellScript = "\"${PODS_ROOT}/Target Support Files/Pods-PracticeInstagram/Pods-PracticeInstagram-frameworks.sh\"\n";
			showEnvVarsInLog = 0;
		};
/* End PBXShellScriptBuildPhase section */

/* Begin PBXSourcesBuildPhase section */
		B92D7B3026870B3400CDFC9A /* Sources */ = {
			isa = PBXSourcesBuildPhase;
			buildActionMask = 2147483647;
			files = (
				B92D7B7B2687115A00CDFC9A /* SearchViewController.swift in Sources */,
				B92D7B68268710D200CDFC9A /* LoginViewController.swift in Sources */,
				B92D7B3C26870B3400CDFC9A /* HomeViewController.swift in Sources */,
				B92D7B3826870B3400CDFC9A /* AppDelegate.swift in Sources */,
				B92D7B812687118B00CDFC9A /* PostEditorViewController.swift in Sources */,
				B92D7B752687114100CDFC9A /* SettingViewController.swift in Sources */,
				B92D7B572687104800CDFC9A /* ExploreViewController.swift in Sources */,
				B92D7B6C268710EF00CDFC9A /* RegistrationViewController.swift in Sources */,
				B92D7B782687114A00CDFC9A /* ListViewController.swift in Sources */,
				B92D7BBC268726D100CDFC9A /* Extensions+UIView.swift in Sources */,
				B92D7BA1268718DD00CDFC9A /* AuthManager.swift in Sources */,
				B92D7B5E2687107700CDFC9A /* NotificationViewController.swift in Sources */,
				B92D7B842687119700CDFC9A /* PublishPostViewController.swift in Sources */,
				B92D7B3A26870B3400CDFC9A /* SceneDelegate.swift in Sources */,
				B92D7B4226870B3400CDFC9A /* PracticeInstagram.xcdatamodeld in Sources */,
				B92D7BC226875EA800CDFC9A /* Extension+String.swift in Sources */,
				B92D7B612687108700CDFC9A /* ProfileViewController.swift in Sources */,
				B92D7B5B2687106600CDFC9A /* CameraViewController.swift in Sources */,
				B92D7BA42687190B00CDFC9A /* StorageManager.swift in Sources */,
				B92D7B722687113600CDFC9A /* EditrProfileViewController.swift in Sources */,
				B92D7B9D268717F700CDFC9A /* DataBaseManager.swift in Sources */,
				B92D7B7E2687116500CDFC9A /* SearchResultViewController.swift in Sources */,
				B92D7B6F2687111800CDFC9A /* PostViewController.swift in Sources */,
			);
			runOnlyForDeploymentPostprocessing = 0;
		};
/* End PBXSourcesBuildPhase section */

/* Begin PBXVariantGroup section */
		B92D7B3D26870B3400CDFC9A /* Main.storyboard */ = {
			isa = PBXVariantGroup;
			children = (
				B92D7B3E26870B3400CDFC9A /* Base */,
			);
			name = Main.storyboard;
			sourceTree = "<group>";
		};
		B92D7B4526870B3400CDFC9A /* LaunchScreen.storyboard */ = {
			isa = PBXVariantGroup;
			children = (
				B92D7B4626870B3400CDFC9A /* Base */,
			);
			name = LaunchScreen.storyboard;
			sourceTree = "<group>";
		};
/* End PBXVariantGroup section */

/* Begin XCBuildConfiguration section */
		B92D7B4926870B3400CDFC9A /* Debug */ = {
			isa = XCBuildConfiguration;
			buildSettings = {
				ALWAYS_SEARCH_USER_PATHS = NO;
				CLANG_ANALYZER_NONNULL = YES;
				CLANG_ANALYZER_NUMBER_OBJECT_CONVERSION = YES_AGGRESSIVE;
				CLANG_CXX_LANGUAGE_STANDARD = "gnu++14";
				CLANG_CXX_LIBRARY = "libc++";
				CLANG_ENABLE_MODULES = YES;
				CLANG_ENABLE_OBJC_ARC = YES;
				CLANG_ENABLE_OBJC_WEAK = YES;
				CLANG_WARN_BLOCK_CAPTURE_AUTORELEASING = YES;
				CLANG_WARN_BOOL_CONVERSION = YES;
				CLANG_WARN_COMMA = YES;
				CLANG_WARN_CONSTANT_CONVERSION = YES;
				CLANG_WARN_DEPRECATED_OBJC_IMPLEMENTATIONS = YES;
				CLANG_WARN_DIRECT_OBJC_ISA_USAGE = YES_ERROR;
				CLANG_WARN_DOCUMENTATION_COMMENTS = YES;
				CLANG_WARN_EMPTY_BODY = YES;
				CLANG_WARN_ENUM_CONVERSION = YES;
				CLANG_WARN_INFINITE_RECURSION = YES;
				CLANG_WARN_INT_CONVERSION = YES;
				CLANG_WARN_NON_LITERAL_NULL_CONVERSION = YES;
				CLANG_WARN_OBJC_IMPLICIT_RETAIN_SELF = YES;
				CLANG_WARN_OBJC_LITERAL_CONVERSION = YES;
				CLANG_WARN_OBJC_ROOT_CLASS = YES_ERROR;
				CLANG_WARN_QUOTED_INCLUDE_IN_FRAMEWORK_HEADER = YES;
				CLANG_WARN_RANGE_LOOP_ANALYSIS = YES;
				CLANG_WARN_STRICT_PROTOTYPES = YES;
				CLANG_WARN_SUSPICIOUS_MOVE = YES;
				CLANG_WARN_UNGUARDED_AVAILABILITY = YES_AGGRESSIVE;
				CLANG_WARN_UNREACHABLE_CODE = YES;
				CLANG_WARN__DUPLICATE_METHOD_MATCH = YES;
				COPY_PHASE_STRIP = NO;
				DEBUG_INFORMATION_FORMAT = dwarf;
				ENABLE_STRICT_OBJC_MSGSEND = YES;
				ENABLE_TESTABILITY = YES;
				GCC_C_LANGUAGE_STANDARD = gnu11;
				GCC_DYNAMIC_NO_PIC = NO;
				GCC_NO_COMMON_BLOCKS = YES;
				GCC_OPTIMIZATION_LEVEL = 0;
				GCC_PREPROCESSOR_DEFINITIONS = (
					"DEBUG=1",
					"$(inherited)",
				);
				GCC_WARN_64_TO_32_BIT_CONVERSION = YES;
				GCC_WARN_ABOUT_RETURN_TYPE = YES_ERROR;
				GCC_WARN_UNDECLARED_SELECTOR = YES;
				GCC_WARN_UNINITIALIZED_AUTOS = YES_AGGRESSIVE;
				GCC_WARN_UNUSED_FUNCTION = YES;
				GCC_WARN_UNUSED_VARIABLE = YES;
				IPHONEOS_DEPLOYMENT_TARGET = 14.4;
				MTL_ENABLE_DEBUG_INFO = INCLUDE_SOURCE;
				MTL_FAST_MATH = YES;
				ONLY_ACTIVE_ARCH = YES;
				SDKROOT = iphoneos;
				SWIFT_ACTIVE_COMPILATION_CONDITIONS = DEBUG;
				SWIFT_OPTIMIZATION_LEVEL = "-Onone";
			};
			name = Debug;
		};
		B92D7B4A26870B3400CDFC9A /* Release */ = {
			isa = XCBuildConfiguration;
			buildSettings = {
				ALWAYS_SEARCH_USER_PATHS = NO;
				CLANG_ANALYZER_NONNULL = YES;
				CLANG_ANALYZER_NUMBER_OBJECT_CONVERSION = YES_AGGRESSIVE;
				CLANG_CXX_LANGUAGE_STANDARD = "gnu++14";
				CLANG_CXX_LIBRARY = "libc++";
				CLANG_ENABLE_MODULES = YES;
				CLANG_ENABLE_OBJC_ARC = YES;
				CLANG_ENABLE_OBJC_WEAK = YES;
				CLANG_WARN_BLOCK_CAPTURE_AUTORELEASING = YES;
				CLANG_WARN_BOOL_CONVERSION = YES;
				CLANG_WARN_COMMA = YES;
				CLANG_WARN_CONSTANT_CONVERSION = YES;
				CLANG_WARN_DEPRECATED_OBJC_IMPLEMENTATIONS = YES;
				CLANG_WARN_DIRECT_OBJC_ISA_USAGE = YES_ERROR;
				CLANG_WARN_DOCUMENTATION_COMMENTS = YES;
				CLANG_WARN_EMPTY_BODY = YES;
				CLANG_WARN_ENUM_CONVERSION = YES;
				CLANG_WARN_INFINITE_RECURSION = YES;
				CLANG_WARN_INT_CONVERSION = YES;
				CLANG_WARN_NON_LITERAL_NULL_CONVERSION = YES;
				CLANG_WARN_OBJC_IMPLICIT_RETAIN_SELF = YES;
				CLANG_WARN_OBJC_LITERAL_CONVERSION = YES;
				CLANG_WARN_OBJC_ROOT_CLASS = YES_ERROR;
				CLANG_WARN_QUOTED_INCLUDE_IN_FRAMEWORK_HEADER = YES;
				CLANG_WARN_RANGE_LOOP_ANALYSIS = YES;
				CLANG_WARN_STRICT_PROTOTYPES = YES;
				CLANG_WARN_SUSPICIOUS_MOVE = YES;
				CLANG_WARN_UNGUARDED_AVAILABILITY = YES_AGGRESSIVE;
				CLANG_WARN_UNREACHABLE_CODE = YES;
				CLANG_WARN__DUPLICATE_METHOD_MATCH = YES;
				COPY_PHASE_STRIP = NO;
				DEBUG_INFORMATION_FORMAT = "dwarf-with-dsym";
				ENABLE_NS_ASSERTIONS = NO;
				ENABLE_STRICT_OBJC_MSGSEND = YES;
				GCC_C_LANGUAGE_STANDARD = gnu11;
				GCC_NO_COMMON_BLOCKS = YES;
				GCC_WARN_64_TO_32_BIT_CONVERSION = YES;
				GCC_WARN_ABOUT_RETURN_TYPE = YES_ERROR;
				GCC_WARN_UNDECLARED_SELECTOR = YES;
				GCC_WARN_UNINITIALIZED_AUTOS = YES_AGGRESSIVE;
				GCC_WARN_UNUSED_FUNCTION = YES;
				GCC_WARN_UNUSED_VARIABLE = YES;
				IPHONEOS_DEPLOYMENT_TARGET = 14.4;
				MTL_ENABLE_DEBUG_INFO = NO;
				MTL_FAST_MATH = YES;
				SDKROOT = iphoneos;
				SWIFT_COMPILATION_MODE = wholemodule;
				SWIFT_OPTIMIZATION_LEVEL = "-O";
				VALIDATE_PRODUCT = YES;
			};
			name = Release;
		};
		B92D7B4C26870B3400CDFC9A /* Debug */ = {
			isa = XCBuildConfiguration;
			baseConfigurationReference = 405B548E773D8A9D8433C74C /* Pods-PracticeInstagram.debug.xcconfig */;
			buildSettings = {
				ASSETCATALOG_COMPILER_APPICON_NAME = AppIcon;
				ASSETCATALOG_COMPILER_GLOBAL_ACCENT_COLOR_NAME = AccentColor;
				CODE_SIGN_STYLE = Automatic;
				DEVELOPMENT_TEAM = C3H8B5L9S4;
				INFOPLIST_FILE = PracticeInstagram/Info.plist;
				IPHONEOS_DEPLOYMENT_TARGET = 13.0;
				LD_RUNPATH_SEARCH_PATHS = (
					"$(inherited)",
					"@executable_path/Frameworks",
				);
				PRODUCT_BUNDLE_IDENTIFIER = com.codeWithKenny.PracticeInstagram;
				PRODUCT_NAME = "$(TARGET_NAME)";
				SWIFT_VERSION = 5.0;
				TARGETED_DEVICE_FAMILY = "1,2";
			};
			name = Debug;
		};
		B92D7B4D26870B3400CDFC9A /* Release */ = {
			isa = XCBuildConfiguration;
			baseConfigurationReference = 7D5E13240CDCFE84332A5235 /* Pods-PracticeInstagram.release.xcconfig */;
			buildSettings = {
				ASSETCATALOG_COMPILER_APPICON_NAME = AppIcon;
				ASSETCATALOG_COMPILER_GLOBAL_ACCENT_COLOR_NAME = AccentColor;
				CODE_SIGN_STYLE = Automatic;
				DEVELOPMENT_TEAM = C3H8B5L9S4;
				INFOPLIST_FILE = PracticeInstagram/Info.plist;
				IPHONEOS_DEPLOYMENT_TARGET = 13.0;
				LD_RUNPATH_SEARCH_PATHS = (
					"$(inherited)",
					"@executable_path/Frameworks",
				);
				PRODUCT_BUNDLE_IDENTIFIER = com.codeWithKenny.PracticeInstagram;
				PRODUCT_NAME = "$(TARGET_NAME)";
				SWIFT_VERSION = 5.0;
				TARGETED_DEVICE_FAMILY = "1,2";
			};
			name = Release;
		};
/* End XCBuildConfiguration section */

/* Begin XCConfigurationList section */
		B92D7B2F26870B3400CDFC9A /* Build configuration list for PBXProject "PracticeInstagram" */ = {
			isa = XCConfigurationList;
			buildConfigurations = (
				B92D7B4926870B3400CDFC9A /* Debug */,
				B92D7B4A26870B3400CDFC9A /* Release */,
			);
			defaultConfigurationIsVisible = 0;
			defaultConfigurationName = Release;
		};
		B92D7B4B26870B3400CDFC9A /* Build configuration list for PBXNativeTarget "PracticeInstagram" */ = {
			isa = XCConfigurationList;
			buildConfigurations = (
				B92D7B4C26870B3400CDFC9A /* Debug */,
				B92D7B4D26870B3400CDFC9A /* Release */,
			);
			defaultConfigurationIsVisible = 0;
			defaultConfigurationName = Release;
		};
/* End XCConfigurationList section */

/* Begin XCVersionGroup section */
		B92D7B4026870B3400CDFC9A /* PracticeInstagram.xcdatamodeld */ = {
			isa = XCVersionGroup;
			children = (
				B92D7B4126870B3400CDFC9A /* PracticeInstagram.xcdatamodel */,
			);
			currentVersion = B92D7B4126870B3400CDFC9A /* PracticeInstagram.xcdatamodel */;
			path = PracticeInstagram.xcdatamodeld;
			sourceTree = "<group>";
			versionGroupType = wrapper.xcdatamodel;
		};
/* End XCVersionGroup section */
	};
	rootObject = B92D7B2C26870B3400CDFC9A /* Project object */;
}
